
Microsoft Visual Studio Solution File, Format Version 12.00
# Visual Studio Version 16
VisualStudioVersion = 25.0.1706.9
MinimumVisualStudioVersion = 10.0.40219.1
Project("{FAE04EC0-301F-11D3-BF4B-00C04F79EFBC}") = "exercices_LINQ", "exercices_LINQ\exercices_LINQ.csproj", "{AB86A00E-A938-4BC2-AE7F-FE3E2675AE77}"
EndProject
Global
	GlobalSection(SolutionConfigurationPlatforms) = preSolution
		Debug|Any CPU = Debug|Any CPU
		Release|Any CPU = Release|Any CPU
	EndGlobalSection
	GlobalSection(ProjectConfigurationPlatforms) = postSolution
		{AB86A00E-A938-4BC2-AE7F-FE3E2675AE77}.Debug|Any CPU.ActiveCfg = Debug|Any CPU
		{AB86A00E-A938-4BC2-AE7F-FE3E2675AE77}.Debug|Any CPU.Build.0 = Debug|Any CPU
		{AB86A00E-A938-4BC2-AE7F-FE3E2675AE77}.Release|Any CPU.ActiveCfg = Release|Any CPU
		{AB86A00E-A938-4BC2-AE7F-FE3E2675AE77}.Release|Any CPU.Build.0 = Release|Any CPU
	EndGlobalSection
	GlobalSection(SolutionProperties) = preSolution
		HideSolutionNode = FALSE
	EndGlobalSection
	GlobalSection(ExtensibilityGlobals) = postSolution
		SolutionGuid = {5CABA110-FBCB-4207-A2D3-6807F3BB8291}
	EndGlobalSection
EndGlobal
